
Microsoft Visual Studio Solution File, Format Version 12.00
# Visual Studio Version 17
VisualStudioVersion = 17.14.37111.16
MinimumVisualStudioVersion = 10.0.40219.1
Project("{2150E333-8FDC-42A3-9474-1A3956D46DE8}") = "Task0", "Task0", "{02EA681E-C7D8-13C7-8484-4AC65E1B71E8}"
EndProject
Project("{FAE04EC0-301F-11D3-BF4B-00C04F79EFBC}") = "Tyuiu.MautalievSI.Sprint2.Task0.V22", "Tyuiu.MautalievSI.Sprint2.Task0.V22\Tyuiu.MautalievSI.Sprint2.Task0.V22.csproj", "{554AA540-5F2F-454D-9085-70378B383DF9}"
EndProject
Project("{FAE04EC0-301F-11D3-BF4B-00C04F79EFBC}") = "Tyuiu.MautalievSI.Sprint2.Task0.V22.Lib", "Tyuiu.MautalievSI.Sprint2.Task0.V22.Lib\Tyuiu.MautalievSI.Sprint2.Task0.V22.Lib.csproj", "{8B204A05-E7BB-4496-971E-B3EC203BF178}"
EndProject
Project("{FAE04EC0-301F-11D3-BF4B-00C04F79EFBC}") = "Tyuiu.MautalievSI.Sprint2.Task0.V22.Test", "Tyuiu.MautalievSI.Sprint2.Task0.V22.Test\Tyuiu.MautalievSI.Sprint2.Task0.V22.Test.csproj", "{AEA44B68-884A-4D54-BC9D-756C536CBCD1}"
EndProject
Project("{2150E333-8FDC-42A3-9474-1A3956D46DE8}") = "Task1", "Task1", "{6C50C650-7B17-43C0-B5ED-99017068DCFF}"
EndProject
Project("{FAE04EC0-301F-11D3-BF4B-00C04F79EFBC}") = "Tyuiu.MautalievSI.Sprint2.Task1.V5", "Tyuiu.MautalievSI.Sprint2.Task1.V5\Tyuiu.MautalievSI.Sprint2.Task1.V5.csproj", "{7890BADD-A351-448E-9105-3ADE5098331C}"
EndProject
Project("{FAE04EC0-301F-11D3-BF4B-00C04F79EFBC}") = "Tyuiu.MautalievSI.Sprint2.Task1.V5.Test", "Tyuiu.MautalievSI.Sprint2.Task1.V5.Test\Tyuiu.MautalievSI.Sprint2.Task1.V5.Test.csproj", "{44FBDE4C-96C8-4F62-83CB-D9923498E12E}"
EndProject
Project("{FAE04EC0-301F-11D3-BF4B-00C04F79EFBC}") = "Tyuiu.MautalievSI.Sprint2.Task1.V5.Lib", "Tyuiu.MautalievSI.Sprint2.Task1.V5.Lib\Tyuiu.MautalievSI.Sprint2.Task1.V5.Lib.csproj", "{96FD7FBD-5D95-439A-BA25-826800B39ACB}"
EndProject
Project("{2150E333-8FDC-42A3-9474-1A3956D46DE8}") = "Task2", "Task2", "{AC9BB6AF-0480-4F9D-B71D-3C090EED182B}"
EndProject
Project("{FAE04EC0-301F-11D3-BF4B-00C04F79EFBC}") = "Tyuiu.MautalievSI.Sprint2.Task2.V12", "Tyuiu.MautalievSI.Sprint2.Task2.V12\Tyuiu.MautalievSI.Sprint2.Task2.V12.csproj", "{683CA11F-DE89-470B-8BA3-54BD2500E05B}"
EndProject
Project("{FAE04EC0-301F-11D3-BF4B-00C04F79EFBC}") = "Tyuiu.MautalievSI.Sprint2.Task2.V12.Lib", "Tyuiu.MautalievSI.Sprint2.Task2.V12.Lib\Tyuiu.MautalievSI.Sprint2.Task2.V12.Lib.csproj", "{56E96F3E-1124-4FA5-95E8-23D1018BBD07}"
EndProject
Project("{FAE04EC0-301F-11D3-BF4B-00C04F79EFBC}") = "Tyuiu.MautalievSI.Sprint2.Task2.V12.Test", "Tyuiu.MautalievSI.Sprint2.Task2.V12.Test\Tyuiu.MautalievSI.Sprint2.Task2.V12.Test.csproj", "{25B7BFE0-3038-481A-8FA7-B8926196A9F2}"
EndProject
Project("{2150E333-8FDC-42A3-9474-1A3956D46DE8}") = "Task3", "Task3", "{84873484-60F2-4AF2-A514-412068E3C2CC}"
EndProject
Project("{FAE04EC0-301F-11D3-BF4B-00C04F79EFBC}") = "Tyuiu.MautalievSI.Sprint2.Task3.V15", "Tyuiu.MautalievSI.Sprint2.Task3.V15\Tyuiu.MautalievSI.Sprint2.Task3.V15.csproj", "{8CB48929-82B4-4288-B6FA-D1F29F0C7196}"
EndProject
Project("{FAE04EC0-301F-11D3-BF4B-00C04F79EFBC}") = "Tyuiu.MautalievSI.Sprint2.Task3.V15.Test", "Tyuiu.MautalievSI.Sprint2.Task3.V15.Test\Tyuiu.MautalievSI.Sprint2.Task3.V15.Test.csproj", "{54652133-421B-439C-B8FA-81A401671965}"
EndProject
Project("{FAE04EC0-301F-11D3-BF4B-00C04F79EFBC}") = "Tyuiu.MautalievSI.Sprint2.Task3.V15.Lib", "Tyuiu.MautalievSI.Sprint2.Task3.V15.Lib\Tyuiu.MautalievSI.Sprint2.Task3.V15.Lib.csproj", "{1C203719-FBF6-4331-ACA8-866EC2BB6127}"
EndProject
Project("{2150E333-8FDC-42A3-9474-1A3956D46DE8}") = "Task4", "Task4", "{75FDBF53-C704-42C8-90C3-88EF47ECF12B}"
EndProject
Project("{FAE04EC0-301F-11D3-BF4B-00C04F79EFBC}") = "Tyuiu.MautalievSI.Sprint2.Task4.V16", "Tyuiu.MautalievSI.Sprint2.Task4.V16\Tyuiu.MautalievSI.Sprint2.Task4.V16.csproj", "{2517584A-FD42-4DAD-8496-090B8E6CEA23}"
EndProject
Project("{FAE04EC0-301F-11D3-BF4B-00C04F79EFBC}") = "Tyuiu.MautalievSI.Sprint2.Task4.V16.Lib", "Tyuiu.MautalievSI.Sprint2.Task4.V16.Lib\Tyuiu.MautalievSI.Sprint2.Task4.V16.Lib.csproj", "{7B8DDFC3-6CBD-44A2-AA41-92C489ECA352}"
EndProject
Project("{FAE04EC0-301F-11D3-BF4B-00C04F79EFBC}") = "Tyuiu.MautalievSI.Sprint2.Task4.V16.Test", "Tyuiu.MautalievSI.Sprint2.Task4.V16.Test\Tyuiu.MautalievSI.Sprint2.Task4.V16.Test.csproj", "{25C3CA8F-89A7-40A4-98C3-732FAFCFB426}"
EndProject
Project("{2150E333-8FDC-42A3-9474-1A3956D46DE8}") = "Task5", "Task5", "{38C35FE7-BD4E-4A5C-8DB7-DB7D22F88FE5}"
EndProject
Project("{FAE04EC0-301F-11D3-BF4B-00C04F79EFBC}") = "Tyuiu.MautalievSI.Sprint2.Task5.V11", "Tyuiu.MautalievSI.Sprint2.Task5.V11\Tyuiu.MautalievSI.Sprint2.Task5.V11.csproj", "{A0945C6E-7E07-4008-8787-34CA0AFD2713}"
EndProject
Project("{FAE04EC0-301F-11D3-BF4B-00C04F79EFBC}") = "Tyuiu.MautalievSI.Sprint2.Task5.V11.Test", "Tyuiu.MautalievSI.Sprint2.Task5.V11.Test\Tyuiu.MautalievSI.Sprint2.Task5.V11.Test.csproj", "{DE744156-9E35-4A47-ABA0-2208162A8CB2}"
EndProject
Project("{FAE04EC0-301F-11D3-BF4B-00C04F79EFBC}") = "Tyuiu.MautalievSI.Sprint2.Task5.V11.Lib", "Tyuiu.MautalievSI.Sprint2.Task5.V11.Lib\Tyuiu.MautalievSI.Sprint2.Task5.V11.Lib.csproj", "{E3C8E9E9-65B8-491A-9667-0A5FA805D721}"
EndProject
Project("{2150E333-8FDC-42A3-9474-1A3956D46DE8}") = "Task6", "Task6", "{D819E7E4-D84D-4815-959C-C172DE10C7BF}"
EndProject
Project("{FAE04EC0-301F-11D3-BF4B-00C04F79EFBC}") = "Tyuiu.MautalievSI.Sprint2.Task6.V1", "Tyuiu.MautalievSI.Sprint2.Task6.V1\Tyuiu.MautalievSI.Sprint2.Task6.V1.csproj", "{F91C1293-6CF5-4450-8273-54106EB913D8}"
EndProject
Project("{FAE04EC0-301F-11D3-BF4B-00C04F79EFBC}") = "Tyuiu.MautalievSI.Sprint2.Task6.V1.Test", "Tyuiu.MautalievSI.Sprint2.Task6.V1.Test\Tyuiu.MautalievSI.Sprint2.Task6.V1.Test.csproj", "{F9FD0E6F-C6CB-411F-B5A4-9A1FB0AE9CB5}"
EndProject
Project("{FAE04EC0-301F-11D3-BF4B-00C04F79EFBC}") = "Tyuiu.MautalievSI.Sprint2.Task6.V1.Lib", "Tyuiu.MautalievSI.Sprint2.Task6.V1.Lib\Tyuiu.MautalievSI.Sprint2.Task6.V1.Lib.csproj", "{ACE7550F-3103-418F-B208-90E3069438F2}"
EndProject
Project("{2150E333-8FDC-42A3-9474-1A3956D46DE8}") = "Task7", "Task7", "{75ABFEF1-2F30-413F-A74D-26050649B482}"
EndProject
Project("{FAE04EC0-301F-11D3-BF4B-00C04F79EFBC}") = "Tyuiu.MautalievSI.Sprint2.Task7.V8", "Tyuiu.MautalievSI.Sprint2.Task7.V8\Tyuiu.MautalievSI.Sprint2.Task7.V8.csproj", "{93AD16DF-85E3-4F8B-BDFB-B961C5E7C573}"
EndProject
Project("{FAE04EC0-301F-11D3-BF4B-00C04F79EFBC}") = "Tyuiu.MautalievSI.Sprint2.Task7.V8.Lib", "Tyuiu.MautalievSI.Sprint2.Task7.V8.Lib\Tyuiu.MautalievSI.Sprint2.Task7.V8.Lib.csproj", "{CAC4B666-E580-4880-BFF5-6CB0A0816F4B}"
EndProject
Project("{FAE04EC0-301F-11D3-BF4B-00C04F79EFBC}") = "Tyuiu.MautalievSI.Sprint2.Task7.V8.Test", "Tyuiu.MautalievSI.Sprint2.Task7.V8.Test\Tyuiu.MautalievSI.Sprint2.Task7.V8.Test.csproj", "{6595606C-9DCD-45F6-9F6F-03315F429D20}"
EndProject
Global
	GlobalSection(SolutionConfigurationPlatforms) = preSolution
		Debug|Any CPU = Debug|Any CPU
		Release|Any CPU = Release|Any CPU
	EndGlobalSection
	GlobalSection(ProjectConfigurationPlatforms) = postSolution
		{554AA540-5F2F-454D-9085-70378B383DF9}.Debug|Any CPU.ActiveCfg = Debug|Any CPU
		{554AA540-5F2F-454D-9085-70378B383DF9}.Debug|Any CPU.Build.0 = Debug|Any CPU
		{554AA540-5F2F-454D-9085-70378B383DF9}.Release|Any CPU.ActiveCfg = Release|Any CPU
		{554AA540-5F2F-454D-9085-70378B383DF9}.Release|Any CPU.Build.0 = Release|Any CPU
		{8B204A05-E7BB-4496-971E-B3EC203BF178}.Debug|Any CPU.ActiveCfg = Debug|Any CPU
		{8B204A05-E7BB-4496-971E-B3EC203BF178}.Debug|Any CPU.Build.0 = Debug|Any CPU
		{8B204A05-E7BB-4496-971E-B3EC203BF178}.Release|Any CPU.ActiveCfg = Release|Any CPU
		{8B204A05-E7BB-4496-971E-B3EC203BF178}.Release|Any CPU.Build.0 = Release|Any CPU
		{AEA44B68-884A-4D54-BC9D-756C536CBCD1}.Debug|Any CPU.ActiveCfg = Debug|Any CPU
		{AEA44B68-884A-4D54-BC9D-756C536CBCD1}.Debug|Any CPU.Build.0 = Debug|Any CPU
		{AEA44B68-884A-4D54-BC9D-756C536CBCD1}.Release|Any CPU.ActiveCfg = Release|Any CPU
		{AEA44B68-884A-4D54-BC9D-756C536CBCD1}.Release|Any CPU.Build.0 = Release|Any CPU
		{7890BADD-A351-448E-9105-3ADE5098331C}.Debug|Any CPU.ActiveCfg = Debug|Any CPU
		{7890BADD-A351-448E-9105-3ADE5098331C}.Debug|Any CPU.Build.0 = Debug|Any CPU
		{7890BADD-A351-448E-9105-3ADE5098331C}.Release|Any CPU.ActiveCfg = Release|Any CPU
		{7890BADD-A351-448E-9105-3ADE5098331C}.Release|Any CPU.Build.0 = Release|Any CPU
		{44FBDE4C-96C8-4F62-83CB-D9923498E12E}.Debug|Any CPU.ActiveCfg = Debug|Any CPU
		{44FBDE4C-96C8-4F62-83CB-D9923498E12E}.Debug|Any CPU.Build.0 = Debug|Any CPU
		{44FBDE4C-96C8-4F62-83CB-D9923498E12E}.Release|Any CPU.ActiveCfg = Release|Any CPU
		{44FBDE4C-96C8-4F62-83CB-D9923498E12E}.Release|Any CPU.Build.0 = Release|Any CPU
		{96FD7FBD-5D95-439A-BA25-826800B39ACB}.Debug|Any CPU.ActiveCfg = Debug|Any CPU
		{96FD7FBD-5D95-439A-BA25-826800B39ACB}.Debug|Any CPU.Build.0 = Debug|Any CPU
		{96FD7FBD-5D95-439A-BA25-826800B39ACB}.Release|Any CPU.ActiveCfg = Release|Any CPU
		{96FD7FBD-5D95-439A-BA25-826800B39ACB}.Release|Any CPU.Build.0 = Release|Any CPU
		{683CA11F-DE89-470B-8BA3-54BD2500E05B}.Debug|Any CPU.ActiveCfg = Debug|Any CPU
		{683CA11F-DE89-470B-8BA3-54BD2500E05B}.Debug|Any CPU.Build.0 = Debug|Any CPU
		{683CA11F-DE89-470B-8BA3-54BD2500E05B}.Release|Any CPU.ActiveCfg = Release|Any CPU
		{683CA11F-DE89-470B-8BA3-54BD2500E05B}.Release|Any CPU.Build.0 = Release|Any CPU
		{56E96F3E-1124-4FA5-95E8-23D1018BBD07}.Debug|Any CPU.ActiveCfg = Debug|Any CPU
		{56E96F3E-1124-4FA5-95E8-23D1018BBD07}.Debug|Any CPU.Build.0 = Debug|Any CPU
		{56E96F3E-1124-4FA5-95E8-23D1018BBD07}.Release|Any CPU.ActiveCfg = Release|Any CPU
		{56E96F3E-1124-4FA5-95E8-23D1018BBD07}.Release|Any CPU.Build.0 = Release|Any CPU
		{25B7BFE0-3038-481A-8FA7-B8926196A9F2}.Debug|Any CPU.ActiveCfg = Debug|Any CPU
		{25B7BFE0-3038-481A-8FA7-B8926196A9F2}.Debug|Any CPU.Build.0 = Debug|Any CPU
		{25B7BFE0-3038-481A-8FA7-B8926196A9F2}.Release|Any CPU.ActiveCfg = Release|Any CPU
		{25B7BFE0-3038-481A-8FA7-B8926196A9F2}.Release|Any CPU.Build.0 = Release|Any CPU
		{8CB48929-82B4-4288-B6FA-D1F29F0C7196}.Debug|Any CPU.ActiveCfg = Debug|Any CPU
		{8CB48929-82B4-4288-B6FA-D1F29F0C7196}.Debug|Any CPU.Build.0 = Debug|Any CPU
		{8CB48929-82B4-4288-B6FA-D1F29F0C7196}.Release|Any CPU.ActiveCfg = Release|Any CPU
		{8CB48929-82B4-4288-B6FA-D1F29F0C7196}.Release|Any CPU.Build.0 = Release|Any CPU
		{54652133-421B-439C-B8FA-81A401671965}.Debug|Any CPU.ActiveCfg = Debug|Any CPU
		{54652133-421B-439C-B8FA-81A401671965}.Debug|Any CPU.Build.0 = Debug|Any CPU
		{54652133-421B-439C-B8FA-81A401671965}.Release|Any CPU.ActiveCfg = Release|Any CPU
		{54652133-421B-439C-B8FA-81A401671965}.Release|Any CPU.Build.0 = Release|Any CPU
		{1C203719-FBF6-4331-ACA8-866EC2BB6127}.Debug|Any CPU.ActiveCfg = Debug|Any CPU
		{1C203719-FBF6-4331-ACA8-866EC2BB6127}.Debug|Any CPU.Build.0 = Debug|Any CPU
		{1C203719-FBF6-4331-ACA8-866EC2BB6127}.Release|Any CPU.ActiveCfg = Release|Any CPU
		{1C203719-FBF6-4331-ACA8-866EC2BB6127}.Release|Any CPU.Build.0 = Release|Any CPU
		{2517584A-FD42-4DAD-8496-090B8E6CEA23}.Debug|Any CPU.ActiveCfg = Debug|Any CPU
		{2517584A-FD42-4DAD-8496-090B8E6CEA23}.Debug|Any CPU.Build.0 = Debug|Any CPU
		{2517584A-FD42-4DAD-8496-090B8E6CEA23}.Release|Any CPU.ActiveCfg = Release|Any CPU
		{2517584A-FD42-4DAD-8496-090B8E6CEA23}.Release|Any CPU.Build.0 = Release|Any CPU
		{7B8DDFC3-6CBD-44A2-AA41-92C489ECA352}.Debug|Any CPU.ActiveCfg = Debug|Any CPU
		{7B8DDFC3-6CBD-44A2-AA41-92C489ECA352}.Debug|Any CPU.Build.0 = Debug|Any CPU
		{7B8DDFC3-6CBD-44A2-AA41-92C489ECA352}.Release|Any CPU.ActiveCfg = Release|Any CPU
		{7B8DDFC3-6CBD-44A2-AA41-92C489ECA352}.Release|Any CPU.Build.0 = Release|Any CPU
		{25C3CA8F-89A7-40A4-98C3-732FAFCFB426}.Debug|Any CPU.ActiveCfg = Debug|Any CPU
		{25C3CA8F-89A7-40A4-98C3-732FAFCFB426}.Debug|Any CPU.Build.0 = Debug|Any CPU
		{25C3CA8F-89A7-40A4-98C3-732FAFCFB426}.Release|Any CPU.ActiveCfg = Release|Any CPU
		{25C3CA8F-89A7-40A4-98C3-732FAFCFB426}.Release|Any CPU.Build.0 = Release|Any CPU
		{A0945C6E-7E07-4008-8787-34CA0AFD2713}.Debug|Any CPU.ActiveCfg = Debug|Any CPU
		{A0945C6E-7E07-4008-8787-34CA0AFD2713}.Debug|Any CPU.Build.0 = Debug|Any CPU
		{A0945C6E-7E07-4008-8787-34CA0AFD2713}.Release|Any CPU.ActiveCfg = Release|Any CPU
		{A0945C6E-7E07-4008-8787-34CA0AFD2713}.Release|Any CPU.Build.0 = Release|Any CPU
		{DE744156-9E35-4A47-ABA0-2208162A8CB2}.Debug|Any CPU.ActiveCfg = Debug|Any CPU
		{DE744156-9E35-4A47-ABA0-2208162A8CB2}.Debug|Any CPU.Build.0 = Debug|Any CPU
		{DE744156-9E35-4A47-ABA0-2208162A8CB2}.Release|Any CPU.ActiveCfg = Release|Any CPU
		{DE744156-9E35-4A47-ABA0-2208162A8CB2}.Release|Any CPU.Build.0 = Release|Any CPU
		{E3C8E9E9-65B8-491A-9667-0A5FA805D721}.Debug|Any CPU.ActiveCfg = Debug|Any CPU
		{E3C8E9E9-65B8-491A-9667-0A5FA805D721}.Debug|Any CPU.Build.0 = Debug|Any CPU
		{E3C8E9E9-65B8-491A-9667-0A5FA805D721}.Release|Any CPU.ActiveCfg = Release|Any CPU
		{E3C8E9E9-65B8-491A-9667-0A5FA805D721}.Release|Any CPU.Build.0 = Release|Any CPU
		{F91C1293-6CF5-4450-8273-54106EB913D8}.Debug|Any CPU.ActiveCfg = Debug|Any CPU
		{F91C1293-6CF5-4450-8273-54106EB913D8}.Debug|Any CPU.Build.0 = Debug|Any CPU
		{F91C1293-6CF5-4450-8273-54106EB913D8}.Release|Any CPU.ActiveCfg = Release|Any CPU
		{F91C1293-6CF5-4450-8273-54106EB913D8}.Release|Any CPU.Build.0 = Release|Any CPU
		{F9FD0E6F-C6CB-411F-B5A4-9A1FB0AE9CB5}.Debug|Any CPU.ActiveCfg = Debug|Any CPU
		{F9FD0E6F-C6CB-411F-B5A4-9A1FB0AE9CB5}.Debug|Any CPU.Build.0 = Debug|Any CPU
		{F9FD0E6F-C6CB-411F-B5A4-9A1FB0AE9CB5}.Release|Any CPU.ActiveCfg = Release|Any CPU
		{F9FD0E6F-C6CB-411F-B5A4-9A1FB0AE9CB5}.Release|Any CPU.Build.0 = Release|Any CPU
		{ACE7550F-3103-418F-B208-90E3069438F2}.Debug|Any CPU.ActiveCfg = Debug|Any CPU
		{ACE7550F-3103-418F-B208-90E3069438F2}.Debug|Any CPU.Build.0 = Debug|Any CPU
		{ACE7550F-3103-418F-B208-90E3069438F2}.Release|Any CPU.ActiveCfg = Release|Any CPU
		{ACE7550F-3103-418F-B208-90E3069438F2}.Release|Any CPU.Build.0 = Release|Any CPU
		{93AD16DF-85E3-4F8B-BDFB-B961C5E7C573}.Debug|Any CPU.ActiveCfg = Debug|Any CPU
		{93AD16DF-85E3-4F8B-BDFB-B961C5E7C573}.Debug|Any CPU.Build.0 = Debug|Any CPU
		{93AD16DF-85E3-4F8B-BDFB-B961C5E7C573}.Release|Any CPU.ActiveCfg = Release|Any CPU
		{93AD16DF-85E3-4F8B-BDFB-B961C5E7C573}.Release|Any CPU.Build.0 = Release|Any CPU
		{CAC4B666-E580-4880-BFF5-6CB0A0816F4B}.Debug|Any CPU.ActiveCfg = Debug|Any CPU
		{CAC4B666-E580-4880-BFF5-6CB0A0816F4B}.Debug|Any CPU.Build.0 = Debug|Any CPU
		{CAC4B666-E580-4880-BFF5-6CB0A0816F4B}.Release|Any CPU.ActiveCfg = Release|Any CPU
		{CAC4B666-E580-4880-BFF5-6CB0A0816F4B}.Release|Any CPU.Build.0 = Release|Any CPU
		{6595606C-9DCD-45F6-9F6F-03315F429D20}.Debug|Any CPU.ActiveCfg = Debug|Any CPU
		{6595606C-9DCD-45F6-9F6F-03315F429D20}.Debug|Any CPU.Build.0 = Debug|Any CPU
		{6595606C-9DCD-45F6-9F6F-03315F429D20}.Release|Any CPU.ActiveCfg = Release|Any CPU
		{6595606C-9DCD-45F6-9F6F-03315F429D20}.Release|Any CPU.Build.0 = Release|Any CPU
	EndGlobalSection
	GlobalSection(SolutionProperties) = preSolution
		HideSolutionNode = FALSE
	EndGlobalSection
	GlobalSection(NestedProjects) = preSolution
		{554AA540-5F2F-454D-9085-70378B383DF9} = {02EA681E-C7D8-13C7-8484-4AC65E1B71E8}
		{8B204A05-E7BB-4496-971E-B3EC203BF178} = {02EA681E-C7D8-13C7-8484-4AC65E1B71E8}
		{AEA44B68-884A-4D54-BC9D-756C536CBCD1} = {02EA681E-C7D8-13C7-8484-4AC65E1B71E8}
		{7890BADD-A351-448E-9105-3ADE5098331C} = {6C50C650-7B17-43C0-B5ED-99017068DCFF}
		{44FBDE4C-96C8-4F62-83CB-D9923498E12E} = {6C50C650-7B17-43C0-B5ED-99017068DCFF}
		{96FD7FBD-5D95-439A-BA25-826800B39ACB} = {6C50C650-7B17-43C0-B5ED-99017068DCFF}
		{683CA11F-DE89-470B-8BA3-54BD2500E05B} = {AC9BB6AF-0480-4F9D-B71D-3C090EED182B}
		{56E96F3E-1124-4FA5-95E8-23D1018BBD07} = {AC9BB6AF-0480-4F9D-B71D-3C090EED182B}
		{25B7BFE0-3038-481A-8FA7-B8926196A9F2} = {AC9BB6AF-0480-4F9D-B71D-3C090EED182B}
		{8CB48929-82B4-4288-B6FA-D1F29F0C7196} = {84873484-60F2-4AF2-A514-412068E3C2CC}
		{54652133-421B-439C-B8FA-81A401671965} = {84873484-60F2-4AF2-A514-412068E3C2CC}
		{1C203719-FBF6-4331-ACA8-866EC2BB6127} = {84873484-60F2-4AF2-A514-412068E3C2CC}
		{2517584A-FD42-4DAD-8496-090B8E6CEA23} = {75FDBF53-C704-42C8-90C3-88EF47ECF12B}
		{7B8DDFC3-6CBD-44A2-AA41-92C489ECA352} = {75FDBF53-C704-42C8-90C3-88EF47ECF12B}
		{25C3CA8F-89A7-40A4-98C3-732FAFCFB426} = {75FDBF53-C704-42C8-90C3-88EF47ECF12B}
		{A0945C6E-7E07-4008-8787-34CA0AFD2713} = {38C35FE7-BD4E-4A5C-8DB7-DB7D22F88FE5}
		{DE744156-9E35-4A47-ABA0-2208162A8CB2} = {38C35FE7-BD4E-4A5C-8DB7-DB7D22F88FE5}
		{E3C8E9E9-65B8-491A-9667-0A5FA805D721} = {38C35FE7-BD4E-4A5C-8DB7-DB7D22F88FE5}
		{F91C1293-6CF5-4450-8273-54106EB913D8} = {D819E7E4-D84D-4815-959C-C172DE10C7BF}
		{F9FD0E6F-C6CB-411F-B5A4-9A1FB0AE9CB5} = {D819E7E4-D84D-4815-959C-C172DE10C7BF}
		{ACE7550F-3103-418F-B208-90E3069438F2} = {D819E7E4-D84D-4815-959C-C172DE10C7BF}
		{93AD16DF-85E3-4F8B-BDFB-B961C5E7C573} = {75ABFEF1-2F30-413F-A74D-26050649B482}
		{CAC4B666-E580-4880-BFF5-6CB0A0816F4B} = {75ABFEF1-2F30-413F-A74D-26050649B482}
		{6595606C-9DCD-45F6-9F6F-03315F429D20} = {75ABFEF1-2F30-413F-A74D-26050649B482}
	EndGlobalSection
	GlobalSection(ExtensibilityGlobals) = postSolution
		SolutionGuid = {D89D4A70-285A-4180-AC8C-13FE78ACF631}
	EndGlobalSection
EndGlobal
